// !$*UTF8*$!
{
	archiveVersion = 1;
	classes = {
	};
	objectVersion = 50;
	objects = {

/* Begin PBXBuildFile section */
		321EACB126D5190600DE6DA1 /* FruitNutrientsView.swift in Sources */ = {isa = PBXBuildFile; fileRef = 321EACB026D5190600DE6DA1 /* FruitNutrientsView.swift */; };
		322DB74C26D5B91600CA7068 /* SettingsView.swift in Sources */ = {isa = PBXBuildFile; fileRef = 322DB74B26D5B91600CA7068 /* SettingsView.swift */; };
		322DB74F26D6696E00CA7068 /* SettingsLabelView.swift in Sources */ = {isa = PBXBuildFile; fileRef = 322DB74E26D6696E00CA7068 /* SettingsLabelView.swift */; };
		322DB75226D66C9100CA7068 /* SettingsRowView.swift in Sources */ = {isa = PBXBuildFile; fileRef = 322DB75126D66C9100CA7068 /* SettingsRowView.swift */; };
		328EBCE426D3B5DF00FB4489 /* SourceLinkView.swift in Sources */ = {isa = PBXBuildFile; fileRef = 328EBCE326D3B5DF00FB4489 /* SourceLinkView.swift */; };
		32A60ED326D192E700F89A27 /* Assets.xcassets in Resources */ = {isa = PBXBuildFile; fileRef = 32A60ED226D192E700F89A27 /* Assets.xcassets */; };
		32A60ED626D192E700F89A27 /* Preview Assets.xcassets in Resources */ = {isa = PBXBuildFile; fileRef = 32A60ED526D192E700F89A27 /* Preview Assets.xcassets */; };
		32B77D8726D3ABC100F2069D /* FruitRowView.swift in Sources */ = {isa = PBXBuildFile; fileRef = 32B77D8626D3ABC100F2069D /* FruitRowView.swift */; };
		32B77D8A26D3B01C00F2069D /* FruitDetailView.swift in Sources */ = {isa = PBXBuildFile; fileRef = 32B77D8926D3B01C00F2069D /* FruitDetailView.swift */; };
		32B77D8D26D3B36D00F2069D /* FruitHeaderView.swift in Sources */ = {isa = PBXBuildFile; fileRef = 32B77D8C26D3B36D00F2069D /* FruitHeaderView.swift */; };
		32EF8FE226D1B57200C2A6F2 /* FructusApp.swift in Sources */ = {isa = PBXBuildFile; fileRef = 32EF8FE026D1B57200C2A6F2 /* FructusApp.swift */; };
		32EF8FE326D1B57200C2A6F2 /* ContentView.swift in Sources */ = {isa = PBXBuildFile; fileRef = 32EF8FE126D1B57200C2A6F2 /* ContentView.swift */; };
		32EF8FE726D1B58200C2A6F2 /* FruitCardView.swift in Sources */ = {isa = PBXBuildFile; fileRef = 32EF8FE626D1B58200C2A6F2 /* FruitCardView.swift */; };
		32EF8FEA26D1B91200C2A6F2 /* StartButtonView.swift in Sources */ = {isa = PBXBuildFile; fileRef = 32EF8FE926D1B91200C2A6F2 /* StartButtonView.swift */; };
		32EF8FED26D1BCB200C2A6F2 /* OnboardingView.swift in Sources */ = {isa = PBXBuildFile; fileRef = 32EF8FEC26D1BCB200C2A6F2 /* OnboardingView.swift */; };
		32EF8FF126D1C88D00C2A6F2 /* FruitModal.swift in Sources */ = {isa = PBXBuildFile; fileRef = 32EF8FF026D1C88D00C2A6F2 /* FruitModal.swift */; };
		32EF8FF626D1C97200C2A6F2 /* FruitData.swift in Sources */ = {isa = PBXBuildFile; fileRef = 32EF8FF526D1C97200C2A6F2 /* FruitData.swift */; };
/* End PBXBuildFile section */

/* Begin PBXFileReference section */
		321EACB026D5190600DE6DA1 /* FruitNutrientsView.swift */ = {isa = PBXFileReference; lastKnownFileType = sourcecode.swift; path = FruitNutrientsView.swift; sourceTree = "<group>"; };
		322DB74B26D5B91600CA7068 /* SettingsView.swift */ = {isa = PBXFileReference; lastKnownFileType = sourcecode.swift; path = SettingsView.swift; sourceTree = "<group>"; };
		322DB74E26D6696E00CA7068 /* SettingsLabelView.swift */ = {isa = PBXFileReference; lastKnownFileType = sourcecode.swift; path = SettingsLabelView.swift; sourceTree = "<group>"; };
		322DB75126D66C9100CA7068 /* SettingsRowView.swift */ = {isa = PBXFileReference; lastKnownFileType = sourcecode.swift; path = SettingsRowView.swift; sourceTree = "<group>"; };
		328EBCE326D3B5DF00FB4489 /* SourceLinkView.swift */ = {isa = PBXFileReference; lastKnownFileType = sourcecode.swift; path = SourceLinkView.swift; sourceTree = "<group>"; };
		32A60ECB26D192E600F89A27 /* Fructus.app */ = {isa = PBXFileReference; explicitFileType = wrapper.application; includeInIndex = 0; path = Fructus.app; sourceTree = BUILT_PRODUCTS_DIR; };
		32A60ED226D192E700F89A27 /* Assets.xcassets */ = {isa = PBXFileReference; lastKnownFileType = folder.assetcatalog; path = Assets.xcassets; sourceTree = "<group>"; };
		32A60ED526D192E700F89A27 /* Preview Assets.xcassets */ = {isa = PBXFileReference; lastKnownFileType = folder.assetcatalog; path = "Preview Assets.xcassets"; sourceTree = "<group>"; };
		32A60ED726D192E700F89A27 /* Info.plist */ = {isa = PBXFileReference; lastKnownFileType = text.plist.xml; path = Info.plist; sourceTree = "<group>"; };
		32B77D8626D3ABC100F2069D /* FruitRowView.swift */ = {isa = PBXFileReference; lastKnownFileType = sourcecode.swift; path = FruitRowView.swift; sourceTree = "<group>"; };
		32B77D8926D3B01C00F2069D /* FruitDetailView.swift */ = {isa = PBXFileReference; lastKnownFileType = sourcecode.swift; path = FruitDetailView.swift; sourceTree = "<group>"; };
		32B77D8C26D3B36D00F2069D /* FruitHeaderView.swift */ = {isa = PBXFileReference; lastKnownFileType = sourcecode.swift; path = FruitHeaderView.swift; sourceTree = "<group>"; };
		32EF8FE026D1B57200C2A6F2 /* FructusApp.swift */ = {isa = PBXFileReference; fileEncoding = 4; lastKnownFileType = sourcecode.swift; path = FructusApp.swift; sourceTree = "<group>"; };
		32EF8FE126D1B57200C2A6F2 /* ContentView.swift */ = {isa = PBXFileReference; fileEncoding = 4; lastKnownFileType = sourcecode.swift; path = ContentView.swift; sourceTree = "<group>"; };
		32EF8FE626D1B58200C2A6F2 /* FruitCardView.swift */ = {isa = PBXFileReference; fileEncoding = 4; lastKnownFileType = sourcecode.swift; path = FruitCardView.swift; sourceTree = "<group>"; };
		32EF8FE926D1B91200C2A6F2 /* StartButtonView.swift */ = {isa = PBXFileReference; lastKnownFileType = sourcecode.swift; path = StartButtonView.swift; sourceTree = "<group>"; };
		32EF8FEC26D1BCB200C2A6F2 /* OnboardingView.swift */ = {isa = PBXFileReference; lastKnownFileType = sourcecode.swift; path = OnboardingView.swift; sourceTree = "<group>"; };
		32EF8FF026D1C88D00C2A6F2 /* FruitModal.swift */ = {isa = PBXFileReference; lastKnownFileType = sourcecode.swift; path = FruitModal.swift; sourceTree = "<group>"; };
		32EF8FF526D1C97200C2A6F2 /* FruitData.swift */ = {isa = PBXFileReference; lastKnownFileType = sourcecode.swift; path = FruitData.swift; sourceTree = "<group>"; };
/* End PBXFileReference section */

/* Begin PBXFrameworksBuildPhase section */
		32A60EC826D192E500F89A27 /* Frameworks */ = {
			isa = PBXFrameworksBuildPhase;
			buildActionMask = 2147483647;
			files = (
			);
			runOnlyForDeploymentPostprocessing = 0;
		};
/* End PBXFrameworksBuildPhase section */

/* Begin PBXGroup section */
		32A60EC226D192E500F89A27 = {
			isa = PBXGroup;
			children = (
				32A60ECD26D192E600F89A27 /* Fructus */,
				32A60ECC26D192E600F89A27 /* Products */,
			);
			sourceTree = "<group>";
		};
		32A60ECC26D192E600F89A27 /* Products */ = {
			isa = PBXGroup;
			children = (
				32A60ECB26D192E600F89A27 /* Fructus.app */,
			);
			name = Products;
			sourceTree = "<group>";
		};
		32A60ECD26D192E600F89A27 /* Fructus */ = {
			isa = PBXGroup;
			children = (
				32EF8FF426D1C95D00C2A6F2 /* Data */,
				32EF8FEF26D1C87300C2A6F2 /* Model */,
				32EF8FE526D1B58200C2A6F2 /* View */,
				32EF8FDF26D1B57200C2A6F2 /* App */,
				32A60ED226D192E700F89A27 /* Assets.xcassets */,
				32A60ED726D192E700F89A27 /* Info.plist */,
				32A60ED426D192E700F89A27 /* Preview Content */,
			);
			path = Fructus;
			sourceTree = "<group>";
		};
		32A60ED426D192E700F89A27 /* Preview Content */ = {
			isa = PBXGroup;
			children = (
				32A60ED526D192E700F89A27 /* Preview Assets.xcassets */,
			);
			path = "Preview Content";
			sourceTree = "<group>";
		};
		32EF8FDF26D1B57200C2A6F2 /* App */ = {
			isa = PBXGroup;
			children = (
				32EF8FE026D1B57200C2A6F2 /* FructusApp.swift */,
				32EF8FE126D1B57200C2A6F2 /* ContentView.swift */,
				32EF8FEC26D1BCB200C2A6F2 /* OnboardingView.swift */,
				32B77D8926D3B01C00F2069D /* FruitDetailView.swift */,
				322DB74B26D5B91600CA7068 /* SettingsView.swift */,
			);
			path = App;
			sourceTree = "<group>";
		};
		32EF8FE526D1B58200C2A6F2 /* View */ = {
			isa = PBXGroup;
			children = (
				32EF8FE626D1B58200C2A6F2 /* FruitCardView.swift */,
				32EF8FE926D1B91200C2A6F2 /* StartButtonView.swift */,
				32B77D8626D3ABC100F2069D /* FruitRowView.swift */,
				32B77D8C26D3B36D00F2069D /* FruitHeaderView.swift */,
				328EBCE326D3B5DF00FB4489 /* SourceLinkView.swift */,
				321EACB026D5190600DE6DA1 /* FruitNutrientsView.swift */,
				322DB74E26D6696E00CA7068 /* SettingsLabelView.swift */,
				322DB75126D66C9100CA7068 /* SettingsRowView.swift */,
			);
			path = View;
			sourceTree = "<group>";
		};
		32EF8FEF26D1C87300C2A6F2 /* Model */ = {
			isa = PBXGroup;
			children = (
				32EF8FF026D1C88D00C2A6F2 /* FruitModal.swift */,
			);
			path = Model;
			sourceTree = "<group>";
		};
		32EF8FF426D1C95D00C2A6F2 /* Data */ = {
			isa = PBXGroup;
			children = (
				32EF8FF526D1C97200C2A6F2 /* FruitData.swift */,
			);
			path = Data;
			sourceTree = "<group>";
		};
/* End PBXGroup section */

/* Begin PBXNativeTarget section */
		32A60ECA26D192E500F89A27 /* Fructus */ = {
			isa = PBXNativeTarget;
			buildConfigurationList = 32A60EDA26D192E700F89A27 /* Build configuration list for PBXNativeTarget "Fructus" */;
			buildPhases = (
				32A60EC726D192E500F89A27 /* Sources */,
				32A60EC826D192E500F89A27 /* Frameworks */,
				32A60EC926D192E500F89A27 /* Resources */,
			);
			buildRules = (
			);
			dependencies = (
			);
			name = Fructus;
			productName = Fructus;
			productReference = 32A60ECB26D192E600F89A27 /* Fructus.app */;
			productType = "com.apple.product-type.application";
		};
/* End PBXNativeTarget section */

/* Begin PBXProject section */
		32A60EC326D192E500F89A27 /* Project object */ = {
			isa = PBXProject;
			attributes = {
				LastSwiftUpdateCheck = 1210;
				LastUpgradeCheck = 1210;
				TargetAttributes = {
					32A60ECA26D192E500F89A27 = {
						CreatedOnToolsVersion = 12.1;
					};
				};
			};
			buildConfigurationList = 32A60EC626D192E500F89A27 /* Build configuration list for PBXProject "Fructus" */;
			compatibilityVersion = "Xcode 9.3";
			developmentRegion = en;
			hasScannedForEncodings = 0;
			knownRegions = (
				en,
				Base,
			);
			mainGroup = 32A60EC226D192E500F89A27;
			productRefGroup = 32A60ECC26D192E600F89A27 /* Products */;
			projectDirPath = "";
			projectRoot = "";
			targets = (
				32A60ECA26D192E500F89A27 /* Fructus */,
			);
		};
/* End PBXProject section */

/* Begin PBXResourcesBuildPhase section */
		32A60EC926D192E500F89A27 /* Resources */ = {
			isa = PBXResourcesBuildPhase;
			buildActionMask = 2147483647;
			files = (
				32A60ED626D192E700F89A27 /* Preview Assets.xcassets in Resources */,
				32A60ED326D192E700F89A27 /* Assets.xcassets in Resources */,
			);
			runOnlyForDeploymentPostprocessing = 0;
		};
/* End PBXResourcesBuildPhase section */

/* Begin PBXSourcesBuildPhase section */
		32A60EC726D192E500F89A27 /* Sources */ = {
			isa = PBXSourcesBuildPhase;
			buildActionMask = 2147483647;
			files = (
				32EF8FF626D1C97200C2A6F2 /* FruitData.swift in Sources */,
				328EBCE426D3B5DF00FB4489 /* SourceLinkView.swift in Sources */,
				322DB75226D66C9100CA7068 /* SettingsRowView.swift in Sources */,
				32EF8FE726D1B58200C2A6F2 /* FruitCardView.swift in Sources */,
				32B77D8726D3ABC100F2069D /* FruitRowView.swift in Sources */,
				321EACB126D5190600DE6DA1 /* FruitNutrientsView.swift in Sources */,
				32EF8FEA26D1B91200C2A6F2 /* StartButtonView.swift in Sources */,
				32B77D8A26D3B01C00F2069D /* FruitDetailView.swift in Sources */,
				32EF8FF126D1C88D00C2A6F2 /* FruitModal.swift in Sources */,
				32B77D8D26D3B36D00F2069D /* FruitHeaderView.swift in Sources */,
				32EF8FE326D1B57200C2A6F2 /* ContentView.swift in Sources */,
				322DB74F26D6696E00CA7068 /* SettingsLabelView.swift in Sources */,
				32EF8FED26D1BCB200C2A6F2 /* OnboardingView.swift in Sources */,
				32EF8FE226D1B57200C2A6F2 /* FructusApp.swift in Sources */,
				322DB74C26D5B91600CA7068 /* SettingsView.swift in Sources */,
			);
			runOnlyForDeploymentPostprocessing = 0;
		};
/* End PBXSourcesBuildPhase section */

/* Begin XCBuildConfiguration section */
		32A60ED826D192E700F89A27 /* Debug */ = {
			isa = XCBuildConfiguration;
			buildSettings = {
				ALWAYS_SEARCH_USER_PATHS = NO;
				CLANG_ANALYZER_NONNULL = YES;
				CLANG_ANALYZER_NUMBER_OBJECT_CONVERSION = YES_AGGRESSIVE;
				CLANG_CXX_LANGUAGE_STANDARD = "gnu++14";
				CLANG_CXX_LIBRARY = "libc++";
				CLANG_ENABLE_MODULES = YES;
				CLANG_ENABLE_OBJC_ARC = YES;
				CLANG_ENABLE_OBJC_WEAK = YES;
				CLANG_WARN_BLOCK_CAPTURE_AUTORELEASING = YES;
				CLANG_WARN_BOOL_CONVERSION = YES;
				CLANG_WARN_COMMA = YES;
				CLANG_WARN_CONSTANT_CONVERSION = YES;
				CLANG_WARN_DEPRECATED_OBJC_IMPLEMENTATIONS = YES;
				CLANG_WARN_DIRECT_OBJC_ISA_USAGE = YES_ERROR;
				CLANG_WARN_DOCUMENTATION_COMMENTS = YES;
				CLANG_WARN_EMPTY_BODY = YES;
				CLANG_WARN_ENUM_CONVERSION = YES;
				CLANG_WARN_INFINITE_RECURSION = YES;
				CLANG_WARN_INT_CONVERSION = YES;
				CLANG_WARN_NON_LITERAL_NULL_CONVERSION = YES;
				CLANG_WARN_OBJC_IMPLICIT_RETAIN_SELF = YES;
				CLANG_WARN_OBJC_LITERAL_CONVERSION = YES;
				CLANG_WARN_OBJC_ROOT_CLASS = YES_ERROR;
				CLANG_WARN_QUOTED_INCLUDE_IN_FRAMEWORK_HEADER = YES;
				CLANG_WARN_RANGE_LOOP_ANALYSIS = YES;
				CLANG_WARN_STRICT_PROTOTYPES = YES;
				CLANG_WARN_SUSPICIOUS_MOVE = YES;
				CLANG_WARN_UNGUARDED_AVAILABILITY = YES_AGGRESSIVE;
				CLANG_WARN_UNREACHABLE_CODE = YES;
				CLANG_WARN__DUPLICATE_METHOD_MATCH = YES;
				COPY_PHASE_STRIP = NO;
				DEBUG_INFORMATION_FORMAT = dwarf;
				ENABLE_STRICT_OBJC_MSGSEND = YES;
				ENABLE_TESTABILITY = YES;
				GCC_C_LANGUAGE_STANDARD = gnu11;
				GCC_DYNAMIC_NO_PIC = NO;
				GCC_NO_COMMON_BLOCKS = YES;
				GCC_OPTIMIZATION_LEVEL = 0;
				GCC_PREPROCESSOR_DEFINITIONS = (
					"DEBUG=1",
					"$(inherited)",
				);
				GCC_WARN_64_TO_32_BIT_CONVERSION = YES;
				GCC_WARN_ABOUT_RETURN_TYPE = YES_ERROR;
				GCC_WARN_UNDECLARED_SELECTOR = YES;
				GCC_WARN_UNINITIALIZED_AUTOS = YES_AGGRESSIVE;
				GCC_WARN_UNUSED_FUNCTION = YES;
				GCC_WARN_UNUSED_VARIABLE = YES;
				IPHONEOS_DEPLOYMENT_TARGET = 14.1;
				MTL_ENABLE_DEBUG_INFO = INCLUDE_SOURCE;
				MTL_FAST_MATH = YES;
				ONLY_ACTIVE_ARCH = YES;
				SDKROOT = iphoneos;
				SWIFT_ACTIVE_COMPILATION_CONDITIONS = DEBUG;
				SWIFT_OPTIMIZATION_LEVEL = "-Onone";
			};
			name = Debug;
		};
		32A60ED926D192E700F89A27 /* Release */ = {
			isa = XCBuildConfiguration;
			buildSettings = {
				ALWAYS_SEARCH_USER_PATHS = NO;
				CLANG_ANALYZER_NONNULL = YES;
				CLANG_ANALYZER_NUMBER_OBJECT_CONVERSION = YES_AGGRESSIVE;
				CLANG_CXX_LANGUAGE_STANDARD = "gnu++14";
				CLANG_CXX_LIBRARY = "libc++";
				CLANG_ENABLE_MODULES = YES;
				CLANG_ENABLE_OBJC_ARC = YES;
				CLANG_ENABLE_OBJC_WEAK = YES;
				CLANG_WARN_BLOCK_CAPTURE_AUTORELEASING = YES;
				CLANG_WARN_BOOL_CONVERSION = YES;
				CLANG_WARN_COMMA = YES;
				CLANG_WARN_CONSTANT_CONVERSION = YES;
				CLANG_WARN_DEPRECATED_OBJC_IMPLEMENTATIONS = YES;
				CLANG_WARN_DIRECT_OBJC_ISA_USAGE = YES_ERROR;
				CLANG_WARN_DOCUMENTATION_COMMENTS = YES;
				CLANG_WARN_EMPTY_BODY = YES;
				CLANG_WARN_ENUM_CONVERSION = YES;
				CLANG_WARN_INFINITE_RECURSION = YES;
				CLANG_WARN_INT_CONVERSION = YES;
				CLANG_WARN_NON_LITERAL_NULL_CONVERSION = YES;
				CLANG_WARN_OBJC_IMPLICIT_RETAIN_SELF = YES;
				CLANG_WARN_OBJC_LITERAL_CONVERSION = YES;
				CLANG_WARN_OBJC_ROOT_CLASS = YES_ERROR;
				CLANG_WARN_QUOTED_INCLUDE_IN_FRAMEWORK_HEADER = YES;
				CLANG_WARN_RANGE_LOOP_ANALYSIS = YES;
				CLANG_WARN_STRICT_PROTOTYPES = YES;
				CLANG_WARN_SUSPICIOUS_MOVE = YES;
				CLANG_WARN_UNGUARDED_AVAILABILITY = YES_AGGRESSIVE;
				CLANG_WARN_UNREACHABLE_CODE = YES;
				CLANG_WARN__DUPLICATE_METHOD_MATCH = YES;
				COPY_PHASE_STRIP = NO;
				DEBUG_INFORMATION_FORMAT = "dwarf-with-dsym";
				ENABLE_NS_ASSERTIONS = NO;
				ENABLE_STRICT_OBJC_MSGSEND = YES;
				GCC_C_LANGUAGE_STANDARD = gnu11;
				GCC_NO_COMMON_BLOCKS = YES;
				GCC_WARN_64_TO_32_BIT_CONVERSION = YES;
				GCC_WARN_ABOUT_RETURN_TYPE = YES_ERROR;
				GCC_WARN_UNDECLARED_SELECTOR = YES;
				GCC_WARN_UNINITIALIZED_AUTOS = YES_AGGRESSIVE;
				GCC_WARN_UNUSED_FUNCTION = YES;
				GCC_WARN_UNUSED_VARIABLE = YES;
				IPHONEOS_DEPLOYMENT_TARGET = 14.1;
				MTL_ENABLE_DEBUG_INFO = NO;
				MTL_FAST_MATH = YES;
				SDKROOT = iphoneos;
				SWIFT_COMPILATION_MODE = wholemodule;
				SWIFT_OPTIMIZATION_LEVEL = "-O";
				VALIDATE_PRODUCT = YES;
			};
			name = Release;
		};
		32A60EDB26D192E700F89A27 /* Debug */ = {
			isa = XCBuildConfiguration;
			buildSettings = {
				ASSETCATALOG_COMPILER_APPICON_NAME = AppIcon;
				ASSETCATALOG_COMPILER_GLOBAL_ACCENT_COLOR_NAME = AccentColor;
				CODE_SIGN_STYLE = Automatic;
				DEVELOPMENT_ASSET_PATHS = "\"Fructus/Preview Content\"";
				DEVELOPMENT_TEAM = PW5498NH3B;
				ENABLE_PREVIEWS = YES;
				INFOPLIST_FILE = Fructus/Info.plist;
				IPHONEOS_DEPLOYMENT_TARGET = 14.0;
				LD_RUNPATH_SEARCH_PATHS = (
					"$(inherited)",
					"@executable_path/Frameworks",
				);
				PRODUCT_BUNDLE_IDENTIFIER = com.sandorferreira.Fructus;
				PRODUCT_NAME = "$(TARGET_NAME)";
				SWIFT_VERSION = 5.0;
				TARGETED_DEVICE_FAMILY = "1,2";
			};
			name = Debug;
		};
		32A60EDC26D192E700F89A27 /* Release */ = {
			isa = XCBuildConfiguration;
			buildSettings = {
				ASSETCATALOG_COMPILER_APPICON_NAME = AppIcon;
				ASSETCATALOG_COMPILER_GLOBAL_ACCENT_COLOR_NAME = AccentColor;
				CODE_SIGN_STYLE = Automatic;
				DEVELOPMENT_ASSET_PATHS = "\"Fructus/Preview Content\"";
				DEVELOPMENT_TEAM = PW5498NH3B;
				ENABLE_PREVIEWS = YES;
				INFOPLIST_FILE = Fructus/Info.plist;
				IPHONEOS_DEPLOYMENT_TARGET = 14.0;
				LD_RUNPATH_SEARCH_PATHS = (
					"$(inherited)",
					"@executable_path/Frameworks",
				);
				PRODUCT_BUNDLE_IDENTIFIER = com.sandorferreira.Fructus;
				PRODUCT_NAME = "$(TARGET_NAME)";
				SWIFT_VERSION = 5.0;
				TARGETED_DEVICE_FAMILY = "1,2";
			};
			name = Release;
		};
/* End XCBuildConfiguration section */

/* Begin XCConfigurationList section */
		32A60EC626D192E500F89A27 /* Build configuration list for PBXProject "Fructus" */ = {
			isa = XCConfigurationList;
			buildConfigurations = (
				32A60ED826D192E700F89A27 /* Debug */,
				32A60ED926D192E700F89A27 /* Release */,
			);
			defaultConfigurationIsVisible = 0;
			defaultConfigurationName = Release;
		};
		32A60EDA26D192E700F89A27 /* Build configuration list for PBXNativeTarget "Fructus" */ = {
			isa = XCConfigurationList;
			buildConfigurations = (
				32A60EDB26D192E700F89A27 /* Debug */,
				32A60EDC26D192E700F89A27 /* Release */,
			);
			defaultConfigurationIsVisible = 0;
			defaultConfigurationName = Release;
		};
/* End XCConfigurationList section */
	};
	rootObject = 32A60EC326D192E500F89A27 /* Project object */;
}
